dependencies:
- name: suite-auth
  repository: https://repo.ci.ciscolabs.com/CPSG_quicksilver/charts/postmerge/
  version: 0.1.953
- name: suite-demo-hello
  repository: https://repo.ci.ciscolabs.com/CPSG_quicksilver/charts/postmerge/
  version: 0.1.953
- name: suite-demo-ui
  repository: https://repo.ci.ciscolabs.com/CPSG_quicksilver/charts/postmerge/
  version: 0.1.953
- name: suite-gateway
  repository: https://repo.ci.ciscolabs.com/CPSG_quicksilver/charts/postmerge/
  version: 0.1.953
- name: suite-idm
  repository: https://repo.ci.ciscolabs.com/CPSG_quicksilver/charts/postmerge/
  version: 0.1.953
- name: suite-jwt-keys
  repository: https://repo.ci.ciscolabs.com/CPSG_quicksilver/charts/postmerge/
  version: 0.1.953
- name: suite-password
  repository: https://repo.ci.ciscolabs.com/CPSG_quicksilver/charts/postmerge/
  version: 0.1.953
- name: suite-prodregistry
  repository: https://repo.ci.ciscolabs.com/CPSG_quicksilver/charts/postmerge/
  version: 0.1.953
- name: mongodb
  repository: https://kubernetes-charts.storage.googleapis.com/
  version: 4.8.1
- name: suite-nats
  repository: file://../suite-nats
  version: 0.1.0
- name: suite-postgresql
  repository: https://repo.ci.ciscolabs.com/CPSG_quicksilver/charts/postmerge/
  version: 0.1.953
- name: suite-license
  repository: https://repo.ci.ciscolabs.com/CPSG_quicksilver/charts/postmerge/
  version: 0.1.953
- name: suite-email
  repository: https://repo.ci.ciscolabs.com/CPSG_quicksilver/charts/postmerge/
  version: 0.1.953
- name: suite-cryptoservice
  repository: https://repo.ci.ciscolabs.com/CPSG_quicksilver/charts/postmerge/
  version: 0.1.953
- name: suite-monitor
  repository: https://repo.ci.ciscolabs.com/CPSG_quicksilver/charts/postmerge/
  version: 0.1.952
- name: suite-monitoring
  repository: https://repo.ci.ciscolabs.com/CPSG_quicksilver/charts/postmerge/
  version: 0.1.952
- name: suite-res-mgmt
  repository: https://repo.ci.ciscolabs.com/CPSG_quicksilver/charts/postmerge/
  version: 0.1.952
- name: suite-logs
  repository: https://repo.ci.ciscolabs.com/CPSG_quicksilver/charts/postmerge/
  version: 0.1.952
- name: nginx-ingress
  repository: https://kubernetes-charts.storage.googleapis.com/
  version: 0.30.0
- name: suite-logging
  repository: https://repo.ci.ciscolabs.com/CPSG_quicksilver/charts/postmerge/
  version: 0.1.952
- name: suite-mng
  repository: https://repo.ci.ciscolabs.com/CPSG_quicksilver/charts/postmerge/
  version: 0.1.952
digest: sha256:455e54a4f741dff29aed61de60cbf60d6739bb3ebd6d637098e8169b484b2c9d
generated: 2018-11-06T05:04:10.432536138Z
